
Microsoft Visual Studio Solution File, Format Version 12.00
# Visual Studio Version 17
VisualStudioVersion = 17.5.002.0
MinimumVisualStudioVersion = 10.0.40219.1
Project("{9A19103F-16F7-4668-BE54-9A1E7A4F7556}") = "hello-api", "hello-api\hello-api.csproj", "{90039B3D-67F2-412E-9550-DA24B9EE8645}"
EndProject
Global
	GlobalSection(SolutionConfigurationPlatforms) = preSolution
		Debug|Any CPU = Debug|Any CPU
		Release|Any CPU = Release|Any CPU
	EndGlobalSection
	GlobalSection(ProjectConfigurationPlatforms) = postSolution
		{90039B3D-67F2-412E-9550-DA24B9EE8645}.Debug|Any CPU.ActiveCfg = Debug|Any CPU
		{90039B3D-67F2-412E-9550-DA24B9EE8645}.Debug|Any CPU.Build.0 = Debug|Any CPU
		{90039B3D-67F2-412E-9550-DA24B9EE8645}.Release|Any CPU.ActiveCfg = Release|Any CPU
		{90039B3D-67F2-412E-9550-DA24B9EE8645}.Release|Any CPU.Build.0 = Release|Any CPU
	EndGlobalSection
	GlobalSection(SolutionProperties) = preSolution
		HideSolutionNode = FALSE
	EndGlobalSection
	GlobalSection(ExtensibilityGlobals) = postSolution
		SolutionGuid = {46ED3F97-3611-4F61-869F-00B9D33CCE6A}
	EndGlobalSection
EndGlobal
